
Microsoft Visual Studio Solution File, Format Version 12.00
# Visual Studio Version 17
VisualStudioVersion = 17.7.34202.233
MinimumVisualStudioVersion = 10.0.40219.1
Project("{9A19103F-16F7-4668-BE54-9A1E7A4F7556}") = "SampleProject", "SampleProject\SampleProject.csproj", "{717FD066-0186-48F5-BB64-BAD53E3C503E}"
EndProject
Project("{9A19103F-16F7-4668-BE54-9A1E7A4F7556}") = "LInkedinTests", "LInkedinTests\LInkedinTests.csproj", "{F0739FAB-641F-4328-98D2-F05D4766E25C}"
EndProject
Project("{FAE04EC0-301F-11D3-BF4B-00C04F79EFBC}") = "BunnyCartBDD", "BunnyCartBDD\BunnyCartBDD.csproj", "{551636CF-7247-4212-97BA-A6607A120019}"
EndProject
Global
	GlobalSection(SolutionConfigurationPlatforms) = preSolution
		Debug|Any CPU = Debug|Any CPU
		Release|Any CPU = Release|Any CPU
	EndGlobalSection
	GlobalSection(ProjectConfigurationPlatforms) = postSolution
		{717FD066-0186-48F5-BB64-BAD53E3C503E}.Debug|Any CPU.ActiveCfg = Debug|Any CPU
		{717FD066-0186-48F5-BB64-BAD53E3C503E}.Debug|Any CPU.Build.0 = Debug|Any CPU
		{717FD066-0186-48F5-BB64-BAD53E3C503E}.Release|Any CPU.ActiveCfg = Release|Any CPU
		{717FD066-0186-48F5-BB64-BAD53E3C503E}.Release|Any CPU.Build.0 = Release|Any CPU
		{F0739FAB-641F-4328-98D2-F05D4766E25C}.Debug|Any CPU.ActiveCfg = Debug|Any CPU
		{F0739FAB-641F-4328-98D2-F05D4766E25C}.Debug|Any CPU.Build.0 = Debug|Any CPU
		{F0739FAB-641F-4328-98D2-F05D4766E25C}.Release|Any CPU.ActiveCfg = Release|Any CPU
		{F0739FAB-641F-4328-98D2-F05D4766E25C}.Release|Any CPU.Build.0 = Release|Any CPU
		{551636CF-7247-4212-97BA-A6607A120019}.Debug|Any CPU.ActiveCfg = Debug|Any CPU
		{551636CF-7247-4212-97BA-A6607A120019}.Debug|Any CPU.Build.0 = Debug|Any CPU
		{551636CF-7247-4212-97BA-A6607A120019}.Release|Any CPU.ActiveCfg = Release|Any CPU
		{551636CF-7247-4212-97BA-A6607A120019}.Release|Any CPU.Build.0 = Release|Any CPU
	EndGlobalSection
	GlobalSection(SolutionProperties) = preSolution
		HideSolutionNode = FALSE
	EndGlobalSection
	GlobalSection(ExtensibilityGlobals) = postSolution
		SolutionGuid = {B3E5FE5E-5567-4F6C-BAEE-2D0B6980A4E4}
	EndGlobalSection
EndGlobal
